
Microsoft Visual Studio Solution File, Format Version 12.00
# Visual Studio 15
VisualStudioVersion = 15.0.26730.16
MinimumVisualStudioVersion = 10.0.40219.1
Project("{9A19103F-16F7-4668-BE54-9A1E7A4F7556}") = "FsMapper", "FsMapper\FsMapper.csproj", "{1270CB5F-C2B4-4F99-AAAC-EF1E6784CD4A}"
EndProject
Project("{FAE04EC0-301F-11D3-BF4B-00C04F79EFBC}") = "FsMapper.Tests", "FsMapper.Tests\FsMapper.Tests.csproj", "{2950C264-00FC-457A-B2DD-19F15755CA77}"
EndProject
Global
	GlobalSection(SolutionConfigurationPlatforms) = preSolution
		Debug|Any CPU = Debug|Any CPU
		Release|Any CPU = Release|Any CPU
	EndGlobalSection
	GlobalSection(ProjectConfigurationPlatforms) = postSolution
		{1270CB5F-C2B4-4F99-AAAC-EF1E6784CD4A}.Debug|Any CPU.ActiveCfg = Debug|Any CPU
		{1270CB5F-C2B4-4F99-AAAC-EF1E6784CD4A}.Debug|Any CPU.Build.0 = Debug|Any CPU
		{1270CB5F-C2B4-4F99-AAAC-EF1E6784CD4A}.Release|Any CPU.ActiveCfg = Release|Any CPU
		{1270CB5F-C2B4-4F99-AAAC-EF1E6784CD4A}.Release|Any CPU.Build.0 = Release|Any CPU
		{2950C264-00FC-457A-B2DD-19F15755CA77}.Debug|Any CPU.ActiveCfg = Debug|Any CPU
		{2950C264-00FC-457A-B2DD-19F15755CA77}.Debug|Any CPU.Build.0 = Debug|Any CPU
		{2950C264-00FC-457A-B2DD-19F15755CA77}.Release|Any CPU.ActiveCfg = Release|Any CPU
		{2950C264-00FC-457A-B2DD-19F15755CA77}.Release|Any CPU.Build.0 = Release|Any CPU
	EndGlobalSection
	GlobalSection(SolutionProperties) = preSolution
		HideSolutionNode = FALSE
	EndGlobalSection
	GlobalSection(ExtensibilityGlobals) = postSolution
		SolutionGuid = {0A4DAF14-1CFF-40E8-8E7F-3150188752E5}
	EndGlobalSection
EndGlobal
